// !$*UTF8*$!
{
	archiveVersion = 1;
	classes = {
	};
	objectVersion = 48;
	objects = {

/* Begin PBXBuildFile section */
		74C665D6209F43380057604A /* AppDelegate.swift in Sources */ = {isa = PBXBuildFile; fileRef = 74C665D5209F43380057604A /* AppDelegate.swift */; };
		74C665D8209F43380057604A /* ListViewController.swift in Sources */ = {isa = PBXBuildFile; fileRef = 74C665D7209F43380057604A /* ListViewController.swift */; };
		74C665DB209F43380057604A /* Main.storyboard in Resources */ = {isa = PBXBuildFile; fileRef = 74C665D9209F43380057604A /* Main.storyboard */; };
		74C665DE209F43380057604A /* CoreDataDemo.xcdatamodeld in Sources */ = {isa = PBXBuildFile; fileRef = 74C665DC209F43380057604A /* CoreDataDemo.xcdatamodeld */; };
		74C665E0209F43380057604A /* Assets.xcassets in Resources */ = {isa = PBXBuildFile; fileRef = 74C665DF209F43380057604A /* Assets.xcassets */; };
		74C665E3209F43380057604A /* LaunchScreen.storyboard in Resources */ = {isa = PBXBuildFile; fileRef = 74C665E1209F43380057604A /* LaunchScreen.storyboard */; };
		74C665EB209F435E0057604A /* CoreDataHandler.swift in Sources */ = {isa = PBXBuildFile; fileRef = 74C665EA209F435E0057604A /* CoreDataHandler.swift */; };
		74C665ED209F5FBB0057604A /* AddEditViewController.swift in Sources */ = {isa = PBXBuildFile; fileRef = 74C665EC209F5FBB0057604A /* AddEditViewController.swift */; };
/* End PBXBuildFile section */

/* Begin PBXFileReference section */
		74C665D2209F43380057604A /* CoreDataDemo.app */ = {isa = PBXFileReference; explicitFileType = wrapper.application; includeInIndex = 0; path = CoreDataDemo.app; sourceTree = BUILT_PRODUCTS_DIR; };
		74C665D5209F43380057604A /* AppDelegate.swift */ = {isa = PBXFileReference; lastKnownFileType = sourcecode.swift; path = AppDelegate.swift; sourceTree = "<group>"; };
		74C665D7209F43380057604A /* ListViewController.swift */ = {isa = PBXFileReference; lastKnownFileType = sourcecode.swift; path = ListViewController.swift; sourceTree = "<group>"; };
		74C665DA209F43380057604A /* Base */ = {isa = PBXFileReference; lastKnownFileType = file.storyboard; name = Base; path = Base.lproj/Main.storyboard; sourceTree = "<group>"; };
		74C665DD209F43380057604A /* CoreDataDemo.xcdatamodel */ = {isa = PBXFileReference; lastKnownFileType = wrapper.xcdatamodel; path = CoreDataDemo.xcdatamodel; sourceTree = "<group>"; };
		74C665DF209F43380057604A /* Assets.xcassets */ = {isa = PBXFileReference; lastKnownFileType = folder.assetcatalog; path = Assets.xcassets; sourceTree = "<group>"; };
		74C665E2209F43380057604A /* Base */ = {isa = PBXFileReference; lastKnownFileType = file.storyboard; name = Base; path = Base.lproj/LaunchScreen.storyboard; sourceTree = "<group>"; };
		74C665E4209F43380057604A /* Info.plist */ = {isa = PBXFileReference; lastKnownFileType = text.plist.xml; path = Info.plist; sourceTree = "<group>"; };
		74C665EA209F435E0057604A /* CoreDataHandler.swift */ = {isa = PBXFileReference; lastKnownFileType = sourcecode.swift; path = CoreDataHandler.swift; sourceTree = "<group>"; };
		74C665EC209F5FBB0057604A /* AddEditViewController.swift */ = {isa = PBXFileReference; lastKnownFileType = sourcecode.swift; path = AddEditViewController.swift; sourceTree = "<group>"; };
/* End PBXFileReference section */

/* Begin PBXFrameworksBuildPhase section */
		74C665CF209F43380057604A /* Frameworks */ = {
			isa = PBXFrameworksBuildPhase;
			buildActionMask = 2147483647;
			files = (
			);
			runOnlyForDeploymentPostprocessing = 0;
		};
/* End PBXFrameworksBuildPhase section */

/* Begin PBXGroup section */
		74B613B621D74C1200811042 /* ViewControllers */ = {
			isa = PBXGroup;
			children = (
				74C665EC209F5FBB0057604A /* AddEditViewController.swift */,
				74C665D7209F43380057604A /* ListViewController.swift */,
			);
			path = ViewControllers;
			sourceTree = "<group>";
		};
		74B613B721D74C2E00811042 /* Helpers */ = {
			isa = PBXGroup;
			children = (
				74C665E1209F43380057604A /* LaunchScreen.storyboard */,
				74C665DF209F43380057604A /* Assets.xcassets */,
				74C665D5209F43380057604A /* AppDelegate.swift */,
				74C665D9209F43380057604A /* Main.storyboard */,
			);
			path = Helpers;
			sourceTree = "<group>";
		};
		74B613B821D74C5B00811042 /* CoreDataHandler */ = {
			isa = PBXGroup;
			children = (
				74C665DC209F43380057604A /* CoreDataDemo.xcdatamodeld */,
				74C665EA209F435E0057604A /* CoreDataHandler.swift */,
			);
			path = CoreDataHandler;
			sourceTree = "<group>";
		};
		74C665C9209F43380057604A = {
			isa = PBXGroup;
			children = (
				74C665D4209F43380057604A /* CoreDataDemo */,
				74C665D3209F43380057604A /* Products */,
			);
			sourceTree = "<group>";
		};
		74C665D3209F43380057604A /* Products */ = {
			isa = PBXGroup;
			children = (
				74C665D2209F43380057604A /* CoreDataDemo.app */,
			);
			name = Products;
			sourceTree = "<group>";
		};
		74C665D4209F43380057604A /* CoreDataDemo */ = {
			isa = PBXGroup;
			children = (
				74C665E4209F43380057604A /* Info.plist */,
				74B613B821D74C5B00811042 /* CoreDataHandler */,
				74B613B721D74C2E00811042 /* Helpers */,
				74B613B621D74C1200811042 /* ViewControllers */,
			);
			path = CoreDataDemo;
			sourceTree = "<group>";
		};
/* End PBXGroup section */

/* Begin PBXNativeTarget section */
		74C665D1209F43380057604A /* CoreDataDemo */ = {
			isa = PBXNativeTarget;
			buildConfigurationList = 74C665E7209F43380057604A /* Build configuration list for PBXNativeTarget "CoreDataDemo" */;
			buildPhases = (
				74C665CE209F43380057604A /* Sources */,
				74C665CF209F43380057604A /* Frameworks */,
				74C665D0209F43380057604A /* Resources */,
			);
			buildRules = (
			);
			dependencies = (
			);
			name = CoreDataDemo;
			productName = CoreDataDemo;
			productReference = 74C665D2209F43380057604A /* CoreDataDemo.app */;
			productType = "com.apple.product-type.application";
		};
/* End PBXNativeTarget section */

/* Begin PBXProject section */
		74C665CA209F43380057604A /* Project object */ = {
			isa = PBXProject;
			attributes = {
				LastSwiftUpdateCheck = 0920;
				LastUpgradeCheck = 1010;
				ORGANIZATIONNAME = "Falguni Viral Chauhan";
				TargetAttributes = {
					74C665D1209F43380057604A = {
						CreatedOnToolsVersion = 9.2;
						LastSwiftMigration = 1010;
						ProvisioningStyle = Automatic;
					};
				};
			};
			buildConfigurationList = 74C665CD209F43380057604A /* Build configuration list for PBXProject "CoreDataDemo" */;
			compatibilityVersion = "Xcode 8.0";
			developmentRegion = en;
			hasScannedForEncodings = 0;
			knownRegions = (
				en,
				Base,
			);
			mainGroup = 74C665C9209F43380057604A;
			productRefGroup = 74C665D3209F43380057604A /* Products */;
			projectDirPath = "";
			projectRoot = "";
			targets = (
				74C665D1209F43380057604A /* CoreDataDemo */,
			);
		};
/* End PBXProject section */

/* Begin PBXResourcesBuildPhase section */
		74C665D0209F43380057604A /* Resources */ = {
			isa = PBXResourcesBuildPhase;
			buildActionMask = 2147483647;
			files = (
				74C665E3209F43380057604A /* LaunchScreen.storyboard in Resources */,
				74C665E0209F43380057604A /* Assets.xcassets in Resources */,
				74C665DB209F43380057604A /* Main.storyboard in Resources */,
			);
			runOnlyForDeploymentPostprocessing = 0;
		};
/* End PBXResourcesBuildPhase section */

/* Begin PBXSourcesBuildPhase section */
		74C665CE209F43380057604A /* Sources */ = {
			isa = PBXSourcesBuildPhase;
			buildActionMask = 2147483647;
			files = (
				74C665ED209F5FBB0057604A /* AddEditViewController.swift in Sources */,
				74C665D8209F43380057604A /* ListViewController.swift in Sources */,
				74C665EB209F435E0057604A /* CoreDataHandler.swift in Sources */,
				74C665DE209F43380057604A /* CoreDataDemo.xcdatamodeld in Sources */,
				74C665D6209F43380057604A /* AppDelegate.swift in Sources */,
			);
			runOnlyForDeploymentPostprocessing = 0;
		};
/* End PBXSourcesBuildPhase section */

/* Begin PBXVariantGroup section */
		74C665D9209F43380057604A /* Main.storyboard */ = {
			isa = PBXVariantGroup;
			children = (
				74C665DA209F43380057604A /* Base */,
			);
			name = Main.storyboard;
			sourceTree = "<group>";
		};
		74C665E1209F43380057604A /* LaunchScreen.storyboard */ = {
			isa = PBXVariantGroup;
			children = (
				74C665E2209F43380057604A /* Base */,
			);
			name = LaunchScreen.storyboard;
			sourceTree = "<group>";
		};
/* End PBXVariantGroup section */

/* Begin XCBuildConfiguration section */
		74C665E5209F43380057604A /* Debug */ = {
			isa = XCBuildConfiguration;
			buildSettings = {
				ALWAYS_SEARCH_USER_PATHS = NO;
				CLANG_ANALYZER_NONNULL = YES;
				CLANG_ANALYZER_NUMBER_OBJECT_CONVERSION = YES_AGGRESSIVE;
				CLANG_CXX_LANGUAGE_STANDARD = "gnu++14";
				CLANG_CXX_LIBRARY = "libc++";
				CLANG_ENABLE_MODULES = YES;
				CLANG_ENABLE_OBJC_ARC = YES;
				CLANG_WARN_BLOCK_CAPTURE_AUTORELEASING = YES;
				CLANG_WARN_BOOL_CONVERSION = YES;
				CLANG_WARN_COMMA = YES;
				CLANG_WARN_CONSTANT_CONVERSION = YES;
				CLANG_WARN_DEPRECATED_OBJC_IMPLEMENTATIONS = YES;
				CLANG_WARN_DIRECT_OBJC_ISA_USAGE = YES_ERROR;
				CLANG_WARN_DOCUMENTATION_COMMENTS = YES;
				CLANG_WARN_EMPTY_BODY = YES;
				CLANG_WARN_ENUM_CONVERSION = YES;
				CLANG_WARN_INFINITE_RECURSION = YES;
				CLANG_WARN_INT_CONVERSION = YES;
				CLANG_WARN_NON_LITERAL_NULL_CONVERSION = YES;
				CLANG_WARN_OBJC_IMPLICIT_RETAIN_SELF = YES;
				CLANG_WARN_OBJC_LITERAL_CONVERSION = YES;
				CLANG_WARN_OBJC_ROOT_CLASS = YES_ERROR;
				CLANG_WARN_RANGE_LOOP_ANALYSIS = YES;
				CLANG_WARN_STRICT_PROTOTYPES = YES;
				CLANG_WARN_SUSPICIOUS_MOVE = YES;
				CLANG_WARN_UNGUARDED_AVAILABILITY = YES_AGGRESSIVE;
				CLANG_WARN_UNREACHABLE_CODE = YES;
				CLANG_WARN__DUPLICATE_METHOD_MATCH = YES;
				CODE_SIGN_IDENTITY = "iPhone Developer";
				COPY_PHASE_STRIP = NO;
				DEBUG_INFORMATION_FORMAT = dwarf;
				ENABLE_STRICT_OBJC_MSGSEND = YES;
				ENABLE_TESTABILITY = YES;
				GCC_C_LANGUAGE_STANDARD = gnu11;
				GCC_DYNAMIC_NO_PIC = NO;
				GCC_NO_COMMON_BLOCKS = YES;
				GCC_OPTIMIZATION_LEVEL = 0;
				GCC_PREPROCESSOR_DEFINITIONS = (
					"DEBUG=1",
					"$(inherited)",
				);
				GCC_WARN_64_TO_32_BIT_CONVERSION = YES;
				GCC_WARN_ABOUT_RETURN_TYPE = YES_ERROR;
				GCC_WARN_UNDECLARED_SELECTOR = YES;
				GCC_WARN_UNINITIALIZED_AUTOS = YES_AGGRESSIVE;
				GCC_WARN_UNUSED_FUNCTION = YES;
				GCC_WARN_UNUSED_VARIABLE = YES;
				IPHONEOS_DEPLOYMENT_TARGET = 11.2;
				MTL_ENABLE_DEBUG_INFO = YES;
				ONLY_ACTIVE_ARCH = YES;
				SDKROOT = iphoneos;
				SWIFT_ACTIVE_COMPILATION_CONDITIONS = DEBUG;
				SWIFT_OPTIMIZATION_LEVEL = "-Onone";
			};
			name = Debug;
		};
		74C665E6209F43380057604A /* Release */ = {
			isa = XCBuildConfiguration;
			buildSettings = {
				ALWAYS_SEARCH_USER_PATHS = NO;
				CLANG_ANALYZER_NONNULL = YES;
				CLANG_ANALYZER_NUMBER_OBJECT_CONVERSION = YES_AGGRESSIVE;
				CLANG_CXX_LANGUAGE_STANDARD = "gnu++14";
				CLANG_CXX_LIBRARY = "libc++";
				CLANG_ENABLE_MODULES = YES;
				CLANG_ENABLE_OBJC_ARC = YES;
				CLANG_WARN_BLOCK_CAPTURE_AUTORELEASING = YES;
				CLANG_WARN_BOOL_CONVERSION = YES;
				CLANG_WARN_COMMA = YES;
				CLANG_WARN_CONSTANT_CONVERSION = YES;
				CLANG_WARN_DEPRECATED_OBJC_IMPLEMENTATIONS = YES;
				CLANG_WARN_DIRECT_OBJC_ISA_USAGE = YES_ERROR;
				CLANG_WARN_DOCUMENTATION_COMMENTS = YES;
				CLANG_WARN_EMPTY_BODY = YES;
				CLANG_WARN_ENUM_CONVERSION = YES;
				CLANG_WARN_INFINITE_RECURSION = YES;
				CLANG_WARN_INT_CONVERSION = YES;
				CLANG_WARN_NON_LITERAL_NULL_CONVERSION = YES;
				CLANG_WARN_OBJC_IMPLICIT_RETAIN_SELF = YES;
				CLANG_WARN_OBJC_LITERAL_CONVERSION = YES;
				CLANG_WARN_OBJC_ROOT_CLASS = YES_ERROR;
				CLANG_WARN_RANGE_LOOP_ANALYSIS = YES;
				CLANG_WARN_STRICT_PROTOTYPES = YES;
				CLANG_WARN_SUSPICIOUS_MOVE = YES;
				CLANG_WARN_UNGUARDED_AVAILABILITY = YES_AGGRESSIVE;
				CLANG_WARN_UNREACHABLE_CODE = YES;
				CLANG_WARN__DUPLICATE_METHOD_MATCH = YES;
				CODE_SIGN_IDENTITY = "iPhone Developer";
				COPY_PHASE_STRIP = NO;
				DEBUG_INFORMATION_FORMAT = "dwarf-with-dsym";
				ENABLE_NS_ASSERTIONS = NO;
				ENABLE_STRICT_OBJC_MSGSEND = YES;
				GCC_C_LANGUAGE_STANDARD = gnu11;
				GCC_NO_COMMON_BLOCKS = YES;
				GCC_WARN_64_TO_32_BIT_CONVERSION = YES;
				GCC_WARN_ABOUT_RETURN_TYPE = YES_ERROR;
				GCC_WARN_UNDECLARED_SELECTOR = YES;
				GCC_WARN_UNINITIALIZED_AUTOS = YES_AGGRESSIVE;
				GCC_WARN_UNUSED_FUNCTION = YES;
				GCC_WARN_UNUSED_VARIABLE = YES;
				IPHONEOS_DEPLOYMENT_TARGET = 11.2;
				MTL_ENABLE_DEBUG_INFO = NO;
				SDKROOT = iphoneos;
				SWIFT_OPTIMIZATION_LEVEL = "-Owholemodule";
				VALIDATE_PRODUCT = YES;
			};
			name = Release;
		};
		74C665E8209F43380057604A /* Debug */ = {
			isa = XCBuildConfiguration;
			buildSettings = {
				ASSETCATALOG_COMPILER_APPICON_NAME = AppIcon;
				CODE_SIGN_STYLE = Automatic;
				DEVELOPMENT_TEAM = 6D7X34XDMX;
				INFOPLIST_FILE = CoreDataDemo/Info.plist;
				LD_RUNPATH_SEARCH_PATHS = "$(inherited) @executable_path/Frameworks";
				PRODUCT_BUNDLE_IDENTIFIER = "com.chauhan-group.CoreDataDemo";
				PRODUCT_NAME = "$(TARGET_NAME)";
				SWIFT_VERSION = 4.2;
				TARGETED_DEVICE_FAMILY = "1,2";
			};
			name = Debug;
		};
		74C665E9209F43380057604A /* Release */ = {
			isa = XCBuildConfiguration;
			buildSettings = {
				ASSETCATALOG_COMPILER_APPICON_NAME = AppIcon;
				CODE_SIGN_STYLE = Automatic;
				DEVELOPMENT_TEAM = 6D7X34XDMX;
				INFOPLIST_FILE = CoreDataDemo/Info.plist;
				LD_RUNPATH_SEARCH_PATHS = "$(inherited) @executable_path/Frameworks";
				PRODUCT_BUNDLE_IDENTIFIER = "com.chauhan-group.CoreDataDemo";
				PRODUCT_NAME = "$(TARGET_NAME)";
				SWIFT_VERSION = 4.2;
				TARGETED_DEVICE_FAMILY = "1,2";
			};
			name = Release;
		};
/* End XCBuildConfiguration section */

/* Begin XCConfigurationList section */
		74C665CD209F43380057604A /* Build configuration list for PBXProject "CoreDataDemo" */ = {
			isa = XCConfigurationList;
			buildConfigurations = (
				74C665E5209F43380057604A /* Debug */,
				74C665E6209F43380057604A /* Release */,
			);
			defaultConfigurationIsVisible = 0;
			defaultConfigurationName = Release;
		};
		74C665E7209F43380057604A /* Build configuration list for PBXNativeTarget "CoreDataDemo" */ = {
			isa = XCConfigurationList;
			buildConfigurations = (
				74C665E8209F43380057604A /* Debug */,
				74C665E9209F43380057604A /* Release */,
			);
			defaultConfigurationIsVisible = 0;
			defaultConfigurationName = Release;
		};
/* End XCConfigurationList section */

/* Begin XCVersionGroup section */
		74C665DC209F43380057604A /* CoreDataDemo.xcdatamodeld */ = {
			isa = XCVersionGroup;
			children = (
				74C665DD209F43380057604A /* CoreDataDemo.xcdatamodel */,
			);
			currentVersion = 74C665DD209F43380057604A /* CoreDataDemo.xcdatamodel */;
			path = CoreDataDemo.xcdatamodeld;
			sourceTree = "<group>";
			versionGroupType = wrapper.xcdatamodel;
		};
/* End XCVersionGroup section */
	};
	rootObject = 74C665CA209F43380057604A /* Project object */;
}
